
Microsoft Visual Studio Solution File, Format Version 12.00
# Visual Studio 15
VisualStudioVersion = 15.0.28307.489
MinimumVisualStudioVersion = 10.0.40219.1
Project("{9A19103F-16F7-4668-BE54-9A1E7A4F7556}") = "HUA.PCAAlephoo.WindowsService", "HUA.PCAAlephoo.WindowsService\HUA.PCAAlephoo.WindowsService.csproj", "{3A1CC1D2-9FB5-4CD7-810D-285194E7D92D}"
EndProject
Project("{9A19103F-16F7-4668-BE54-9A1E7A4F7556}") = "HUA.PCAAlephoo.Business", "HUA.PCAAlephoo.Business\HUA.PCAAlephoo.Business.csproj", "{99428976-4BB3-4F14-AC5A-FB0E1E1F2BB4}"
EndProject
Project("{2150E333-8FDC-42A3-9474-1A3956D46DE8}") = "Scripts", "Scripts", "{F9229FC1-373B-471C-A6E8-81BAC7B9F729}"
	ProjectSection(SolutionItems) = preProject
		Scripts\DeleteServicePCAAlephoo.bat = Scripts\DeleteServicePCAAlephoo.bat
		Scripts\InstallServicePCAAlephoo.bat = Scripts\InstallServicePCAAlephoo.bat
	EndProjectSection
EndProject
Global
	GlobalSection(SolutionConfigurationPlatforms) = preSolution
		Debug|Any CPU = Debug|Any CPU
		Release|Any CPU = Release|Any CPU
	EndGlobalSection
	GlobalSection(ProjectConfigurationPlatforms) = postSolution
		{3A1CC1D2-9FB5-4CD7-810D-285194E7D92D}.Debug|Any CPU.ActiveCfg = Debug|Any CPU
		{3A1CC1D2-9FB5-4CD7-810D-285194E7D92D}.Debug|Any CPU.Build.0 = Debug|Any CPU
		{3A1CC1D2-9FB5-4CD7-810D-285194E7D92D}.Release|Any CPU.ActiveCfg = Release|Any CPU
		{3A1CC1D2-9FB5-4CD7-810D-285194E7D92D}.Release|Any CPU.Build.0 = Release|Any CPU
		{99428976-4BB3-4F14-AC5A-FB0E1E1F2BB4}.Debug|Any CPU.ActiveCfg = Debug|Any CPU
		{99428976-4BB3-4F14-AC5A-FB0E1E1F2BB4}.Debug|Any CPU.Build.0 = Debug|Any CPU
		{99428976-4BB3-4F14-AC5A-FB0E1E1F2BB4}.Release|Any CPU.ActiveCfg = Release|Any CPU
		{99428976-4BB3-4F14-AC5A-FB0E1E1F2BB4}.Release|Any CPU.Build.0 = Release|Any CPU
	EndGlobalSection
	GlobalSection(SolutionProperties) = preSolution
		HideSolutionNode = FALSE
	EndGlobalSection
	GlobalSection(ExtensibilityGlobals) = postSolution
		SolutionGuid = {92AA70E1-253D-4068-BD8C-5AB355F19F41}
	EndGlobalSection
EndGlobal
